
Microsoft Visual Studio Solution File, Format Version 12.00
# Visual Studio Version 17
VisualStudioVersion = 17.6.33829.357
MinimumVisualStudioVersion = 10.0.40219.1
Project("{9A19103F-16F7-4668-BE54-9A1E7A4F7556}") = "SiteManagement.Service", "SiteManagement.Service\SiteManagement.Service.csproj", "{03FC88F4-44F2-4874-8DB2-D5E1D2DE2008}"
EndProject
Project("{9A19103F-16F7-4668-BE54-9A1E7A4F7556}") = "SiteManagement.Data", "SiteManagement.Data\SiteManagement.Data.csproj", "{562A672A-9E96-439A-B0DB-DF05B4D676D8}"
EndProject
Project("{9A19103F-16F7-4668-BE54-9A1E7A4F7556}") = "SiteManagement.Base", "SiteManagement.Base\SiteManagement.Base.csproj", "{D4DEA367-E98C-414D-84D5-08D9C85E51E1}"
EndProject
Project("{9A19103F-16F7-4668-BE54-9A1E7A4F7556}") = "SiteManagement.Schema", "SiteManagement.Schema\SiteManagement.Schema.csproj", "{F03063E9-6D1B-4DAD-9B36-42F6DFE7C966}"
EndProject
Project("{FAE04EC0-301F-11D3-BF4B-00C04F79EFBC}") = "SiteManagement.PaymentService", "SiteManagement.PaymentService\SiteManagement.PaymentService.csproj", "{7BC54AA8-7A1E-4738-9A97-747542285EFA}"
EndProject
Global
	GlobalSection(SolutionConfigurationPlatforms) = preSolution
		Debug|Any CPU = Debug|Any CPU
		Release|Any CPU = Release|Any CPU
	EndGlobalSection
	GlobalSection(ProjectConfigurationPlatforms) = postSolution
		{03FC88F4-44F2-4874-8DB2-D5E1D2DE2008}.Debug|Any CPU.ActiveCfg = Debug|Any CPU
		{03FC88F4-44F2-4874-8DB2-D5E1D2DE2008}.Debug|Any CPU.Build.0 = Debug|Any CPU
		{03FC88F4-44F2-4874-8DB2-D5E1D2DE2008}.Release|Any CPU.ActiveCfg = Release|Any CPU
		{03FC88F4-44F2-4874-8DB2-D5E1D2DE2008}.Release|Any CPU.Build.0 = Release|Any CPU
		{562A672A-9E96-439A-B0DB-DF05B4D676D8}.Debug|Any CPU.ActiveCfg = Debug|Any CPU
		{562A672A-9E96-439A-B0DB-DF05B4D676D8}.Debug|Any CPU.Build.0 = Debug|Any CPU
		{562A672A-9E96-439A-B0DB-DF05B4D676D8}.Release|Any CPU.ActiveCfg = Release|Any CPU
		{562A672A-9E96-439A-B0DB-DF05B4D676D8}.Release|Any CPU.Build.0 = Release|Any CPU
		{D4DEA367-E98C-414D-84D5-08D9C85E51E1}.Debug|Any CPU.ActiveCfg = Debug|Any CPU
		{D4DEA367-E98C-414D-84D5-08D9C85E51E1}.Debug|Any CPU.Build.0 = Debug|Any CPU
		{D4DEA367-E98C-414D-84D5-08D9C85E51E1}.Release|Any CPU.ActiveCfg = Release|Any CPU
		{D4DEA367-E98C-414D-84D5-08D9C85E51E1}.Release|Any CPU.Build.0 = Release|Any CPU
		{F03063E9-6D1B-4DAD-9B36-42F6DFE7C966}.Debug|Any CPU.ActiveCfg = Debug|Any CPU
		{F03063E9-6D1B-4DAD-9B36-42F6DFE7C966}.Debug|Any CPU.Build.0 = Debug|Any CPU
		{F03063E9-6D1B-4DAD-9B36-42F6DFE7C966}.Release|Any CPU.ActiveCfg = Release|Any CPU
		{F03063E9-6D1B-4DAD-9B36-42F6DFE7C966}.Release|Any CPU.Build.0 = Release|Any CPU
		{7BC54AA8-7A1E-4738-9A97-747542285EFA}.Debug|Any CPU.ActiveCfg = Debug|Any CPU
		{7BC54AA8-7A1E-4738-9A97-747542285EFA}.Debug|Any CPU.Build.0 = Debug|Any CPU
		{7BC54AA8-7A1E-4738-9A97-747542285EFA}.Release|Any CPU.ActiveCfg = Release|Any CPU
		{7BC54AA8-7A1E-4738-9A97-747542285EFA}.Release|Any CPU.Build.0 = Release|Any CPU
	EndGlobalSection
	GlobalSection(SolutionProperties) = preSolution
		HideSolutionNode = FALSE
	EndGlobalSection
	GlobalSection(ExtensibilityGlobals) = postSolution
		SolutionGuid = {2CDC1757-EEDD-4DD4-AEA5-85DC64272BFC}
	EndGlobalSection
EndGlobal
